
Microsoft Visual Studio Solution File, Format Version 12.00
# Visual Studio 15
VisualStudioVersion = 15.0.26430.14
MinimumVisualStudioVersion = 10.0.40219.1
Project("{FAE04EC0-301F-11D3-BF4B-00C04F79EFBC}") = "ConvertUIToImage.Android", "ConvertUIToImage\ConvertUIToImage.Android\ConvertUIToImage.Android.csproj", "{87B37C0D-654A-466B-8A97-D8F05CC66950}"
EndProject
Project("{FAE04EC0-301F-11D3-BF4B-00C04F79EFBC}") = "ConvertUIToImage", "ConvertUIToImage\ConvertUIToImage\ConvertUIToImage.csproj", "{53E6E9D6-A21F-4523-9A93-4DCA2CF3DCB2}"
EndProject
Project("{FAE04EC0-301F-11D3-BF4B-00C04F79EFBC}") = "ConvertUIToImage.iOS", "ConvertUIToImage\ConvertUIToImage.iOS\ConvertUIToImage.iOS.csproj", "{1A71A5AC-B400-4572-8EB0-6DE73E5D5413}"
EndProject
Global
	GlobalSection(SolutionConfigurationPlatforms) = preSolution
		Ad-Hoc|Any CPU = Ad-Hoc|Any CPU
		Ad-Hoc|iPhone = Ad-Hoc|iPhone
		Ad-Hoc|iPhoneSimulator = Ad-Hoc|iPhoneSimulator
		AppStore|Any CPU = AppStore|Any CPU
		AppStore|iPhone = AppStore|iPhone
		AppStore|iPhoneSimulator = AppStore|iPhoneSimulator
		Debug|Any CPU = Debug|Any CPU
		Debug|iPhone = Debug|iPhone
		Debug|iPhoneSimulator = Debug|iPhoneSimulator
		Release|Any CPU = Release|Any CPU
		Release|iPhone = Release|iPhone
		Release|iPhoneSimulator = Release|iPhoneSimulator
	EndGlobalSection
	GlobalSection(ProjectConfigurationPlatforms) = postSolution
		{87B37C0D-654A-466B-8A97-D8F05CC66950}.Ad-Hoc|Any CPU.ActiveCfg = Release|Any CPU
		{87B37C0D-654A-466B-8A97-D8F05CC66950}.Ad-Hoc|Any CPU.Build.0 = Release|Any CPU
		{87B37C0D-654A-466B-8A97-D8F05CC66950}.Ad-Hoc|Any CPU.Deploy.0 = Release|Any CPU
		{87B37C0D-654A-466B-8A97-D8F05CC66950}.Ad-Hoc|iPhone.ActiveCfg = Release|Any CPU
		{87B37C0D-654A-466B-8A97-D8F05CC66950}.Ad-Hoc|iPhone.Build.0 = Release|Any CPU
		{87B37C0D-654A-466B-8A97-D8F05CC66950}.Ad-Hoc|iPhone.Deploy.0 = Release|Any CPU
		{87B37C0D-654A-466B-8A97-D8F05CC66950}.Ad-Hoc|iPhoneSimulator.ActiveCfg = Release|Any CPU
		{87B37C0D-654A-466B-8A97-D8F05CC66950}.Ad-Hoc|iPhoneSimulator.Build.0 = Release|Any CPU
		{87B37C0D-654A-466B-8A97-D8F05CC66950}.Ad-Hoc|iPhoneSimulator.Deploy.0 = Release|Any CPU
		{87B37C0D-654A-466B-8A97-D8F05CC66950}.AppStore|Any CPU.ActiveCfg = Release|Any CPU
		{87B37C0D-654A-466B-8A97-D8F05CC66950}.AppStore|Any CPU.Build.0 = Release|Any CPU
		{87B37C0D-654A-466B-8A97-D8F05CC66950}.AppStore|Any CPU.Deploy.0 = Release|Any CPU
		{87B37C0D-654A-466B-8A97-D8F05CC66950}.AppStore|iPhone.ActiveCfg = Release|Any CPU
		{87B37C0D-654A-466B-8A97-D8F05CC66950}.AppStore|iPhone.Build.0 = Release|Any CPU
		{87B37C0D-654A-466B-8A97-D8F05CC66950}.AppStore|iPhone.Deploy.0 = Release|Any CPU
		{87B37C0D-654A-466B-8A97-D8F05CC66950}.AppStore|iPhoneSimulator.ActiveCfg = Release|Any CPU
		{87B37C0D-654A-466B-8A97-D8F05CC66950}.AppStore|iPhoneSimulator.Build.0 = Release|Any CPU
		{87B37C0D-654A-466B-8A97-D8F05CC66950}.AppStore|iPhoneSimulator.Deploy.0 = Release|Any CPU
		{87B37C0D-654A-466B-8A97-D8F05CC66950}.Debug|Any CPU.ActiveCfg = Debug|Any CPU
		{87B37C0D-654A-466B-8A97-D8F05CC66950}.Debug|Any CPU.Build.0 = Debug|Any CPU
		{87B37C0D-654A-466B-8A97-D8F05CC66950}.Debug|Any CPU.Deploy.0 = Debug|Any CPU
		{87B37C0D-654A-466B-8A97-D8F05CC66950}.Debug|iPhone.ActiveCfg = Debug|Any CPU
		{87B37C0D-654A-466B-8A97-D8F05CC66950}.Debug|iPhone.Build.0 = Debug|Any CPU
		{87B37C0D-654A-466B-8A97-D8F05CC66950}.Debug|iPhone.Deploy.0 = Debug|Any CPU
		{87B37C0D-654A-466B-8A97-D8F05CC66950}.Debug|iPhoneSimulator.ActiveCfg = Debug|Any CPU
		{87B37C0D-654A-466B-8A97-D8F05CC66950}.Debug|iPhoneSimulator.Build.0 = Debug|Any CPU
		{87B37C0D-654A-466B-8A97-D8F05CC66950}.Debug|iPhoneSimulator.Deploy.0 = Debug|Any CPU
		{87B37C0D-654A-466B-8A97-D8F05CC66950}.Release|Any CPU.ActiveCfg = Release|Any CPU
		{87B37C0D-654A-466B-8A97-D8F05CC66950}.Release|Any CPU.Build.0 = Release|Any CPU
		{87B37C0D-654A-466B-8A97-D8F05CC66950}.Release|Any CPU.Deploy.0 = Release|Any CPU
		{87B37C0D-654A-466B-8A97-D8F05CC66950}.Release|iPhone.ActiveCfg = Release|Any CPU
		{87B37C0D-654A-466B-8A97-D8F05CC66950}.Release|iPhone.Build.0 = Release|Any CPU
		{87B37C0D-654A-466B-8A97-D8F05CC66950}.Release|iPhone.Deploy.0 = Release|Any CPU
		{87B37C0D-654A-466B-8A97-D8F05CC66950}.Release|iPhoneSimulator.ActiveCfg = Release|Any CPU
		{87B37C0D-654A-466B-8A97-D8F05CC66950}.Release|iPhoneSimulator.Build.0 = Release|Any CPU
		{87B37C0D-654A-466B-8A97-D8F05CC66950}.Release|iPhoneSimulator.Deploy.0 = Release|Any CPU
		{53E6E9D6-A21F-4523-9A93-4DCA2CF3DCB2}.Ad-Hoc|Any CPU.ActiveCfg = Release|Any CPU
		{53E6E9D6-A21F-4523-9A93-4DCA2CF3DCB2}.Ad-Hoc|Any CPU.Build.0 = Release|Any CPU
		{53E6E9D6-A21F-4523-9A93-4DCA2CF3DCB2}.Ad-Hoc|iPhone.ActiveCfg = Release|Any CPU
		{53E6E9D6-A21F-4523-9A93-4DCA2CF3DCB2}.Ad-Hoc|iPhone.Build.0 = Release|Any CPU
		{53E6E9D6-A21F-4523-9A93-4DCA2CF3DCB2}.Ad-Hoc|iPhoneSimulator.ActiveCfg = Release|Any CPU
		{53E6E9D6-A21F-4523-9A93-4DCA2CF3DCB2}.Ad-Hoc|iPhoneSimulator.Build.0 = Release|Any CPU
		{53E6E9D6-A21F-4523-9A93-4DCA2CF3DCB2}.AppStore|Any CPU.ActiveCfg = Release|Any CPU
		{53E6E9D6-A21F-4523-9A93-4DCA2CF3DCB2}.AppStore|Any CPU.Build.0 = Release|Any CPU
		{53E6E9D6-A21F-4523-9A93-4DCA2CF3DCB2}.AppStore|iPhone.ActiveCfg = Release|Any CPU
		{53E6E9D6-A21F-4523-9A93-4DCA2CF3DCB2}.AppStore|iPhone.Build.0 = Release|Any CPU
		{53E6E9D6-A21F-4523-9A93-4DCA2CF3DCB2}.AppStore|iPhoneSimulator.ActiveCfg = Release|Any CPU
		{53E6E9D6-A21F-4523-9A93-4DCA2CF3DCB2}.AppStore|iPhoneSimulator.Build.0 = Release|Any CPU
		{53E6E9D6-A21F-4523-9A93-4DCA2CF3DCB2}.Debug|Any CPU.ActiveCfg = Debug|Any CPU
		{53E6E9D6-A21F-4523-9A93-4DCA2CF3DCB2}.Debug|Any CPU.Build.0 = Debug|Any CPU
		{53E6E9D6-A21F-4523-9A93-4DCA2CF3DCB2}.Debug|iPhone.ActiveCfg = Debug|Any CPU
		{53E6E9D6-A21F-4523-9A93-4DCA2CF3DCB2}.Debug|iPhone.Build.0 = Debug|Any CPU
		{53E6E9D6-A21F-4523-9A93-4DCA2CF3DCB2}.Debug|iPhoneSimulator.ActiveCfg = Debug|Any CPU
		{53E6E9D6-A21F-4523-9A93-4DCA2CF3DCB2}.Debug|iPhoneSimulator.Build.0 = Debug|Any CPU
		{53E6E9D6-A21F-4523-9A93-4DCA2CF3DCB2}.Release|Any CPU.ActiveCfg = Release|Any CPU
		{53E6E9D6-A21F-4523-9A93-4DCA2CF3DCB2}.Release|Any CPU.Build.0 = Release|Any CPU
		{53E6E9D6-A21F-4523-9A93-4DCA2CF3DCB2}.Release|iPhone.ActiveCfg = Release|Any CPU
		{53E6E9D6-A21F-4523-9A93-4DCA2CF3DCB2}.Release|iPhone.Build.0 = Release|Any CPU
		{53E6E9D6-A21F-4523-9A93-4DCA2CF3DCB2}.Release|iPhoneSimulator.ActiveCfg = Release|Any CPU
		{53E6E9D6-A21F-4523-9A93-4DCA2CF3DCB2}.Release|iPhoneSimulator.Build.0 = Release|Any CPU
		{1A71A5AC-B400-4572-8EB0-6DE73E5D5413}.Ad-Hoc|Any CPU.ActiveCfg = Ad-Hoc|iPhone
		{1A71A5AC-B400-4572-8EB0-6DE73E5D5413}.Ad-Hoc|iPhone.ActiveCfg = Ad-Hoc|iPhone
		{1A71A5AC-B400-4572-8EB0-6DE73E5D5413}.Ad-Hoc|iPhone.Build.0 = Ad-Hoc|iPhone
		{1A71A5AC-B400-4572-8EB0-6DE73E5D5413}.Ad-Hoc|iPhoneSimulator.ActiveCfg = Ad-Hoc|iPhoneSimulator
		{1A71A5AC-B400-4572-8EB0-6DE73E5D5413}.Ad-Hoc|iPhoneSimulator.Build.0 = Ad-Hoc|iPhoneSimulator
		{1A71A5AC-B400-4572-8EB0-6DE73E5D5413}.AppStore|Any CPU.ActiveCfg = AppStore|iPhone
		{1A71A5AC-B400-4572-8EB0-6DE73E5D5413}.AppStore|iPhone.ActiveCfg = AppStore|iPhone
		{1A71A5AC-B400-4572-8EB0-6DE73E5D5413}.AppStore|iPhone.Build.0 = AppStore|iPhone
		{1A71A5AC-B400-4572-8EB0-6DE73E5D5413}.AppStore|iPhoneSimulator.ActiveCfg = AppStore|iPhoneSimulator
		{1A71A5AC-B400-4572-8EB0-6DE73E5D5413}.AppStore|iPhoneSimulator.Build.0 = AppStore|iPhoneSimulator
		{1A71A5AC-B400-4572-8EB0-6DE73E5D5413}.Debug|Any CPU.ActiveCfg = Debug|iPhone
		{1A71A5AC-B400-4572-8EB0-6DE73E5D5413}.Debug|iPhone.ActiveCfg = Debug|iPhone
		{1A71A5AC-B400-4572-8EB0-6DE73E5D5413}.Debug|iPhone.Build.0 = Debug|iPhone
		{1A71A5AC-B400-4572-8EB0-6DE73E5D5413}.Debug|iPhoneSimulator.ActiveCfg = Debug|iPhoneSimulator
		{1A71A5AC-B400-4572-8EB0-6DE73E5D5413}.Debug|iPhoneSimulator.Build.0 = Debug|iPhoneSimulator
		{1A71A5AC-B400-4572-8EB0-6DE73E5D5413}.Release|Any CPU.ActiveCfg = Release|iPhone
		{1A71A5AC-B400-4572-8EB0-6DE73E5D5413}.Release|iPhone.ActiveCfg = Release|iPhone
		{1A71A5AC-B400-4572-8EB0-6DE73E5D5413}.Release|iPhone.Build.0 = Release|iPhone
		{1A71A5AC-B400-4572-8EB0-6DE73E5D5413}.Release|iPhoneSimulator.ActiveCfg = Release|iPhoneSimulator
		{1A71A5AC-B400-4572-8EB0-6DE73E5D5413}.Release|iPhoneSimulator.Build.0 = Release|iPhoneSimulator
	EndGlobalSection
	GlobalSection(SolutionProperties) = preSolution
		HideSolutionNode = FALSE
	EndGlobalSection
EndGlobal
